dependencies:
  graphlib: 2.1.8
  isomorphic-unfetch: 3.1.0
lockfileVersion: 5.2
packages:
  /graphlib/2.1.8:
    dependencies:
      lodash: 4.17.20
    dev: false
    resolution:
      integrity: sha512-jcLLfkpoVGmH7/InMC/1hIvOPSUh38oJtGhvrOFGzioE1DZ+0YW16RgmOJhHiuWTvGiJQ9Z1Ik43JvkRPRvE+A==
  /isomorphic-unfetch/3.1.0:
    dependencies:
      node-fetch: 2.6.1
      unfetch: 4.2.0
    dev: false
    resolution:
      integrity: sha512-geDJjpoZ8N0kWexiwkX8F9NkTsXhetLPVbZFQ+JTW239QNOwvB0gniuR1Wc6f0AMTn7/mFGyXvHTifrCp/GH8Q==
  /lodash/4.17.20:
    dev: false
    resolution:
      integrity: sha512-PlhdFcillOINfeV7Ni6oF1TAEayyZBoZ8bcshTHqOYJYlrqzRK5hagpagky5o4HfCzzd1TRkXPMFq6cKk9rGmA==
  /node-fetch/2.6.1:
    dev: false
    engines:
      node: 4.x || >=6.0.0
    resolution:
      integrity: sha512-V4aYg89jEoVRxRb2fJdAg8FHvI7cEyYdVAh94HH0UIK8oJxUfkjlDQN9RbMx+bEjP7+ggMiFRprSti032Oipxw==
  /unfetch/4.2.0:
    dev: false
    resolution:
      integrity: sha512-F9p7yYCn6cIW9El1zi0HI6vqpeIvBsr3dSuRO6Xuppb1u5rXpCPmMvLSyECLhybr9isec8Ohl0hPekMVrEinDA==
specifiers:
  graphlib: ^2.1.8
  isomorphic-unfetch: ^3.1.0
