dependencies:
  graphlib: 2.1.8
lockfileVersion: 5.1
packages:
  /graphlib/2.1.8:
    dependencies:
      lodash: 4.17.20
    dev: false
    resolution:
      integrity: sha512-jcLLfkpoVGmH7/InMC/1hIvOPSUh38oJtGhvrOFGzioE1DZ+0YW16RgmOJhHiuWTvGiJQ9Z1Ik43JvkRPRvE+A==
  /lodash/4.17.20:
    dev: false
    resolution:
      integrity: sha512-PlhdFcillOINfeV7Ni6oF1TAEayyZBoZ8bcshTHqOYJYlrqzRK5hagpagky5o4HfCzzd1TRkXPMFq6cKk9rGmA==
specifiers:
  graphlib: ^2.1.8
