dependencies:
  graphlib: 2.1.8
  isomorphic-unfetch: 3.1.0
  nanoid: 3.1.16
  nanoid-good: 3.1.0
lockfileVersion: 5.2
packages:
  /graphlib/2.1.8:
    dependencies:
      lodash: 4.17.20
    dev: false
    resolution:
      integrity: sha512-jcLLfkpoVGmH7/InMC/1hIvOPSUh38oJtGhvrOFGzioE1DZ+0YW16RgmOJhHiuWTvGiJQ9Z1Ik43JvkRPRvE+A==
  /isomorphic-unfetch/3.1.0:
    dependencies:
      node-fetch: 2.6.1
      unfetch: 4.2.0
    dev: false
    resolution:
      integrity: sha512-geDJjpoZ8N0kWexiwkX8F9NkTsXhetLPVbZFQ+JTW239QNOwvB0gniuR1Wc6f0AMTn7/mFGyXvHTifrCp/GH8Q==
  /lodash/4.17.20:
    dev: false
    resolution:
      integrity: sha512-PlhdFcillOINfeV7Ni6oF1TAEayyZBoZ8bcshTHqOYJYlrqzRK5hagpagky5o4HfCzzd1TRkXPMFq6cKk9rGmA==
  /nanoid-good/3.1.0:
    dependencies:
      nanoid: 3.1.16
      naughty-words: 1.2.0
    dev: false
    resolution:
      integrity: sha512-gG9D+AVHAZ+t2mAk3sw+Bx08VzOBc8fc+JylIzCLbEoRYakvQK9RiI3U+bXjdlMc5Ec4W9zUQsZZKngjifv7Vw==
  /nanoid/3.1.16:
    dev: false
    engines:
      node: ^10 || ^12 || ^13.7 || ^14 || >=15.0.1
    hasBin: true
    resolution:
      integrity: sha512-+AK8MN0WHji40lj8AEuwLOvLSbWYApQpre/aFJZD71r43wVRLrOYS4FmJOPQYon1TqB462RzrrxlfA74XRES8w==
  /naughty-words/1.2.0:
    dev: false
    resolution:
      integrity: sha512-0iadX6fN+3NsfvIRtWmmpEX9VsoIQ6n9FwyIxmew9w5yzFNqMgs/Ky0eAC/z5xXSHtqlVoByiovdROikwH9SXQ==
  /node-fetch/2.6.1:
    dev: false
    engines:
      node: 4.x || >=6.0.0
    resolution:
      integrity: sha512-V4aYg89jEoVRxRb2fJdAg8FHvI7cEyYdVAh94HH0UIK8oJxUfkjlDQN9RbMx+bEjP7+ggMiFRprSti032Oipxw==
  /unfetch/4.2.0:
    dev: false
    resolution:
      integrity: sha512-F9p7yYCn6cIW9El1zi0HI6vqpeIvBsr3dSuRO6Xuppb1u5rXpCPmMvLSyECLhybr9isec8Ohl0hPekMVrEinDA==
specifiers:
  graphlib: ^2.1.8
  isomorphic-unfetch: ^3.1.0
  nanoid: ^3.1.16
  nanoid-good: ^3.1.0
